
Microsoft Visual Studio Solution File, Format Version 12.00
# Visual Studio Version 17
VisualStudioVersion = 17.14.36310.24 d17.14
MinimumVisualStudioVersion = 10.0.40219.1
Project("{FAE04EC0-301F-11D3-BF4B-00C04F79EFBC}") = "EvenOrOdd", "EvenOrOdd.csproj", "{A2D4A169-6715-47FB-AD39-8FCCCC9F8AA1}"
EndProject
Global
	GlobalSection(SolutionConfigurationPlatforms) = preSolution
		Debug|Any CPU = Debug|Any CPU
		Release|Any CPU = Release|Any CPU
	EndGlobalSection
	GlobalSection(ProjectConfigurationPlatforms) = postSolution
		{A2D4A169-6715-47FB-AD39-8FCCCC9F8AA1}.Debug|Any CPU.ActiveCfg = Debug|Any CPU
		{A2D4A169-6715-47FB-AD39-8FCCCC9F8AA1}.Debug|Any CPU.Build.0 = Debug|Any CPU
		{A2D4A169-6715-47FB-AD39-8FCCCC9F8AA1}.Release|Any CPU.ActiveCfg = Release|Any CPU
		{A2D4A169-6715-47FB-AD39-8FCCCC9F8AA1}.Release|Any CPU.Build.0 = Release|Any CPU
	EndGlobalSection
	GlobalSection(SolutionProperties) = preSolution
		HideSolutionNode = FALSE
	EndGlobalSection
	GlobalSection(ExtensibilityGlobals) = postSolution
		SolutionGuid = {F7817429-20DD-4E85-AA30-4051EF643CB2}
	EndGlobalSection
EndGlobal
